
Microsoft Visual Studio Solution File, Format Version 12.00
# Visual Studio 15
VisualStudioVersion = 15.0.28307.271
MinimumVisualStudioVersion = 10.0.40219.1
Project("{9A19103F-16F7-4668-BE54-9A1E7A4F7556}") = "FMSWebAPI", "FMSWebAPI\FMSWebAPI.csproj", "{C53947AD-B1A3-440D-831F-4C84EAEC63C4}"
EndProject
Project("{FAE04EC0-301F-11D3-BF4B-00C04F79EFBC}") = "FMS.FileWatcherService", "FMS.FileWatcherService\FMS.FileWatcherService.csproj", "{10594296-9A12-47F4-8EEA-D026356E61FB}"
EndProject
Project("{FAE04EC0-301F-11D3-BF4B-00C04F79EFBC}") = "FMS.Data", "FMS.Data\FMS.Data.csproj", "{D1BF07F9-BDED-466A-A088-28E969CBCE06}"
EndProject
Project("{9A19103F-16F7-4668-BE54-9A1E7A4F7556}") = "FMS.ServiceClient", "FMS.ServiceClient\FMS.ServiceClient.csproj", "{7200E509-6501-45B2-A74E-F9CB73F0CD3A}"
EndProject
Project("{9A19103F-16F7-4668-BE54-9A1E7A4F7556}") = "FMS.Helper", "FMS.Helper\FMS.Helper.csproj", "{4055920B-7AB7-47C2-A1EA-13C1715DEF07}"
EndProject
Project("{FAE04EC0-301F-11D3-BF4B-00C04F79EFBC}") = "FMS.Orchestration", "FMS.Orchestration\FMS.Orchestration.csproj", "{77D17C27-EFF3-4164-9EA7-6D82F55570F2}"
EndProject
Global
	GlobalSection(SolutionConfigurationPlatforms) = preSolution
		Debug|Any CPU = Debug|Any CPU
		Release|Any CPU = Release|Any CPU
	EndGlobalSection
	GlobalSection(ProjectConfigurationPlatforms) = postSolution
		{C53947AD-B1A3-440D-831F-4C84EAEC63C4}.Debug|Any CPU.ActiveCfg = Debug|Any CPU
		{C53947AD-B1A3-440D-831F-4C84EAEC63C4}.Debug|Any CPU.Build.0 = Debug|Any CPU
		{C53947AD-B1A3-440D-831F-4C84EAEC63C4}.Release|Any CPU.ActiveCfg = Release|Any CPU
		{C53947AD-B1A3-440D-831F-4C84EAEC63C4}.Release|Any CPU.Build.0 = Release|Any CPU
		{10594296-9A12-47F4-8EEA-D026356E61FB}.Debug|Any CPU.ActiveCfg = Debug|Any CPU
		{10594296-9A12-47F4-8EEA-D026356E61FB}.Debug|Any CPU.Build.0 = Debug|Any CPU
		{10594296-9A12-47F4-8EEA-D026356E61FB}.Release|Any CPU.ActiveCfg = Release|Any CPU
		{10594296-9A12-47F4-8EEA-D026356E61FB}.Release|Any CPU.Build.0 = Release|Any CPU
		{D1BF07F9-BDED-466A-A088-28E969CBCE06}.Debug|Any CPU.ActiveCfg = Debug|Any CPU
		{D1BF07F9-BDED-466A-A088-28E969CBCE06}.Debug|Any CPU.Build.0 = Debug|Any CPU
		{D1BF07F9-BDED-466A-A088-28E969CBCE06}.Release|Any CPU.ActiveCfg = Release|Any CPU
		{D1BF07F9-BDED-466A-A088-28E969CBCE06}.Release|Any CPU.Build.0 = Release|Any CPU
		{7200E509-6501-45B2-A74E-F9CB73F0CD3A}.Debug|Any CPU.ActiveCfg = Debug|Any CPU
		{7200E509-6501-45B2-A74E-F9CB73F0CD3A}.Debug|Any CPU.Build.0 = Debug|Any CPU
		{7200E509-6501-45B2-A74E-F9CB73F0CD3A}.Release|Any CPU.ActiveCfg = Release|Any CPU
		{7200E509-6501-45B2-A74E-F9CB73F0CD3A}.Release|Any CPU.Build.0 = Release|Any CPU
		{4055920B-7AB7-47C2-A1EA-13C1715DEF07}.Debug|Any CPU.ActiveCfg = Debug|Any CPU
		{4055920B-7AB7-47C2-A1EA-13C1715DEF07}.Debug|Any CPU.Build.0 = Debug|Any CPU
		{4055920B-7AB7-47C2-A1EA-13C1715DEF07}.Release|Any CPU.ActiveCfg = Release|Any CPU
		{4055920B-7AB7-47C2-A1EA-13C1715DEF07}.Release|Any CPU.Build.0 = Release|Any CPU
		{77D17C27-EFF3-4164-9EA7-6D82F55570F2}.Debug|Any CPU.ActiveCfg = Debug|Any CPU
		{77D17C27-EFF3-4164-9EA7-6D82F55570F2}.Debug|Any CPU.Build.0 = Debug|Any CPU
		{77D17C27-EFF3-4164-9EA7-6D82F55570F2}.Release|Any CPU.ActiveCfg = Release|Any CPU
		{77D17C27-EFF3-4164-9EA7-6D82F55570F2}.Release|Any CPU.Build.0 = Release|Any CPU
	EndGlobalSection
	GlobalSection(SolutionProperties) = preSolution
		HideSolutionNode = FALSE
	EndGlobalSection
	GlobalSection(ExtensibilityGlobals) = postSolution
		SolutionGuid = {DB179685-FD38-488C-B914-8E6F872A7E46}
	EndGlobalSection
EndGlobal
